
Microsoft Visual Studio Solution File, Format Version 12.00
# Visual Studio Version 16
VisualStudioVersion = 16.0.810.21
MinimumVisualStudioVersion = 10.0.40219.1
Project("{FAE04EC0-301F-11D3-BF4B-00C04F79EFBC}") = "AgeCheck", "AgeCheck.csproj", "{06350F8A-A62E-49EF-AB6E-E2CE42F5282A}"
EndProject
Global
	GlobalSection(SolutionConfigurationPlatforms) = preSolution
		Debug|Any CPU = Debug|Any CPU
		Release|Any CPU = Release|Any CPU
	EndGlobalSection
	GlobalSection(ProjectConfigurationPlatforms) = postSolution
		{06350F8A-A62E-49EF-AB6E-E2CE42F5282A}.Debug|Any CPU.ActiveCfg = Debug|Any CPU
		{06350F8A-A62E-49EF-AB6E-E2CE42F5282A}.Debug|Any CPU.Build.0 = Debug|Any CPU
		{06350F8A-A62E-49EF-AB6E-E2CE42F5282A}.Release|Any CPU.ActiveCfg = Release|Any CPU
		{06350F8A-A62E-49EF-AB6E-E2CE42F5282A}.Release|Any CPU.Build.0 = Release|Any CPU
	EndGlobalSection
	GlobalSection(SolutionProperties) = preSolution
		HideSolutionNode = FALSE
	EndGlobalSection
	GlobalSection(ExtensibilityGlobals) = postSolution
		SolutionGuid = {241681B3-E48E-40D4-8979-58FF3A37BDC0}
	EndGlobalSection
EndGlobal
